// !$*UTF8*$!
{
	archiveVersion = 1;
	classes = {
	};
	objectVersion = 55;
	objects = {

/* Begin PBXBuildFile section */
		2AD2D789283E8D010092171B /* test_so.c in Sources */ = {isa = PBXBuildFile; fileRef = 2AD2D779283E8C350092171B /* test_so.c */; };
		2AD2D78A283E8D010092171B /* so.c in Sources */ = {isa = PBXBuildFile; fileRef = 2AD2D77D283E8C350092171B /* so.c */; };
		2AD2D78C283EFC4E0092171B /* solution.cpp in Sources */ = {isa = PBXBuildFile; fileRef = 2AD2D78B283EFC4E0092171B /* solution.cpp */; };
		2AD2D78E283F94770092171B /* attempt2.cpp in Sources */ = {isa = PBXBuildFile; fileRef = 2AD2D78D283F94770092171B /* attempt2.cpp */; };
		2AD2D790283F95F50092171B /* test_attempt2.cpp in Sources */ = {isa = PBXBuildFile; fileRef = 2AD2D78F283F95F50092171B /* test_attempt2.cpp */; };
		2AD2D7CB283FDC8E0092171B /* test_muot.c in Sources */ = {isa = PBXBuildFile; fileRef = 2AD2D7BE283FD7EB0092171B /* test_muot.c */; };
		2AD2D7CC283FDC8E0092171B /* muot.c in Sources */ = {isa = PBXBuildFile; fileRef = 2AD2D7BF283FD7EB0092171B /* muot.c */; };
		2AD2D7EB283FF9920092171B /* test_pos.c in Sources */ = {isa = PBXBuildFile; fileRef = 2AD2D7DE283FF7E00092171B /* test_pos.c */; };
		2AD2D7EC283FF9920092171B /* pos.c in Sources */ = {isa = PBXBuildFile; fileRef = 2AD2D7DF283FF7E00092171B /* pos.c */; };
		2AE2FC822837FD6200DFF794 /* prog1.c in Sources */ = {isa = PBXBuildFile; fileRef = 2AE2FC802837FD6200DFF794 /* prog1.c */; };
		2AE2FC832837FD6200DFF794 /* test_prog1.c in Sources */ = {isa = PBXBuildFile; fileRef = 2AE2FC812837FD6200DFF794 /* test_prog1.c */; };
		2AE2FCA5283810F900DFF794 /* test_rbic.c in Sources */ = {isa = PBXBuildFile; fileRef = 2AE2FC9828380C3100DFF794 /* test_rbic.c */; };
		2AE2FCA6283810F900DFF794 /* rbic.c in Sources */ = {isa = PBXBuildFile; fileRef = 2AE2FC9928380C3100DFF794 /* rbic.c */; };
		2AE2FCC72838324F00DFF794 /* test_msan.c in Sources */ = {isa = PBXBuildFile; fileRef = 2AE2FCB7283831C100DFF794 /* test_msan.c */; };
		2AE2FCC82838324F00DFF794 /* msan.c in Sources */ = {isa = PBXBuildFile; fileRef = 2AE2FCBB283831C100DFF794 /* msan.c */; };
		2AE995622845058C0050E73A /* test_prog1.cpp in Sources */ = {isa = PBXBuildFile; fileRef = 2AE995522844FF080050E73A /* test_prog1.cpp */; };
		2AE995632845058C0050E73A /* prog1.cpp in Sources */ = {isa = PBXBuildFile; fileRef = 2AE995562844FF080050E73A /* prog1.cpp */; };
		2AE99582284629F40050E73A /* test_prog1.cpp in Sources */ = {isa = PBXBuildFile; fileRef = 2AE995752846279B0050E73A /* test_prog1.cpp */; };
		2AE99583284629F40050E73A /* prog1.cpp in Sources */ = {isa = PBXBuildFile; fileRef = 2AE995762846279B0050E73A /* prog1.cpp */; };
		2AE995A428469C000050E73A /* test_prog1.cpp in Sources */ = {isa = PBXBuildFile; fileRef = 2AE9959728469BE50050E73A /* test_prog1.cpp */; };
		2AE995A528469C000050E73A /* prog1.cpp in Sources */ = {isa = PBXBuildFile; fileRef = 2AE9959828469BE50050E73A /* prog1.cpp */; };
		2AE995A92846AF020050E73A /* alt_solution.cpp in Sources */ = {isa = PBXBuildFile; fileRef = 2AE995A82846AF020050E73A /* alt_solution.cpp */; };
		2AE995AB2847771E0050E73A /* alt_solution2.cpp in Sources */ = {isa = PBXBuildFile; fileRef = 2AE995AA2847771E0050E73A /* alt_solution2.cpp */; };
		2AE995CA28477F190050E73A /* test_prog1.cpp in Sources */ = {isa = PBXBuildFile; fileRef = 2AE995BD28477F030050E73A /* test_prog1.cpp */; };
		2AE995CB28477F190050E73A /* prog1.c in Sources */ = {isa = PBXBuildFile; fileRef = 2AE995BE28477F030050E73A /* prog1.c */; };
		2AE995EA2847941B0050E73A /* test_prog1.cpp in Sources */ = {isa = PBXBuildFile; fileRef = 2AE995DD284793CC0050E73A /* test_prog1.cpp */; };
		2AE996092847A20C0050E73A /* test_prog1.cpp in Sources */ = {isa = PBXBuildFile; fileRef = 2AE995FC28479BB90050E73A /* test_prog1.cpp */; };
		2AE9960A2847A20C0050E73A /* prog1.c in Sources */ = {isa = PBXBuildFile; fileRef = 2AE995FD28479BB90050E73A /* prog1.c */; };
		2AE996292847E0630050E73A /* test_prog1.cpp in Sources */ = {isa = PBXBuildFile; fileRef = 2AE9961C2847E04F0050E73A /* test_prog1.cpp */; };
		2AE9962A2847E0630050E73A /* prog1.c in Sources */ = {isa = PBXBuildFile; fileRef = 2AE9961D2847E04F0050E73A /* prog1.c */; };
		2AE996492848CA370050E73A /* test_prog1.cpp in Sources */ = {isa = PBXBuildFile; fileRef = 2AE9963C2848CA190050E73A /* test_prog1.cpp */; };
		2AE9964A2848CA370050E73A /* prog1.c in Sources */ = {isa = PBXBuildFile; fileRef = 2AE9963D2848CA190050E73A /* prog1.c */; };
/* End PBXBuildFile section */

/* Begin PBXCopyFilesBuildPhase section */
		2AD2D784283E8CF50092171B /* CopyFiles */ = {
			isa = PBXCopyFilesBuildPhase;
			buildActionMask = 2147483647;
			dstPath = /usr/share/man/man1/;
			dstSubfolderSpec = 0;
			files = (
			);
			runOnlyForDeploymentPostprocessing = 1;
		};
		2AD2D7C6283FDC7F0092171B /* CopyFiles */ = {
			isa = PBXCopyFilesBuildPhase;
			buildActionMask = 2147483647;
			dstPath = /usr/share/man/man1/;
			dstSubfolderSpec = 0;
			files = (
			);
			runOnlyForDeploymentPostprocessing = 1;
		};
		2AD2D7E6283FF9860092171B /* CopyFiles */ = {
			isa = PBXCopyFilesBuildPhase;
			buildActionMask = 2147483647;
			dstPath = /usr/share/man/man1/;
			dstSubfolderSpec = 0;
			files = (
			);
			runOnlyForDeploymentPostprocessing = 1;
		};
		2AE2FC712837FC8800DFF794 /* CopyFiles */ = {
			isa = PBXCopyFilesBuildPhase;
			buildActionMask = 2147483647;
			dstPath = /usr/share/man/man1/;
			dstSubfolderSpec = 0;
			files = (
			);
			runOnlyForDeploymentPostprocessing = 1;
		};
		2AE2FCA0283810EC00DFF794 /* CopyFiles */ = {
			isa = PBXCopyFilesBuildPhase;
			buildActionMask = 2147483647;
			dstPath = /usr/share/man/man1/;
			dstSubfolderSpec = 0;
			files = (
			);
			runOnlyForDeploymentPostprocessing = 1;
		};
		2AE2FCC22838323F00DFF794 /* CopyFiles */ = {
			isa = PBXCopyFilesBuildPhase;
			buildActionMask = 2147483647;
			dstPath = /usr/share/man/man1/;
			dstSubfolderSpec = 0;
			files = (
			);
			runOnlyForDeploymentPostprocessing = 1;
		};
		2AE9955D2845057C0050E73A /* CopyFiles */ = {
			isa = PBXCopyFilesBuildPhase;
			buildActionMask = 2147483647;
			dstPath = /usr/share/man/man1/;
			dstSubfolderSpec = 0;
			files = (
			);
			runOnlyForDeploymentPostprocessing = 1;
		};
		2AE9957D284629E90050E73A /* CopyFiles */ = {
			isa = PBXCopyFilesBuildPhase;
			buildActionMask = 2147483647;
			dstPath = /usr/share/man/man1/;
			dstSubfolderSpec = 0;
			files = (
			);
			runOnlyForDeploymentPostprocessing = 1;
		};
		2AE9959F28469BF10050E73A /* CopyFiles */ = {
			isa = PBXCopyFilesBuildPhase;
			buildActionMask = 2147483647;
			dstPath = /usr/share/man/man1/;
			dstSubfolderSpec = 0;
			files = (
			);
			runOnlyForDeploymentPostprocessing = 1;
		};
		2AE995C528477F0F0050E73A /* CopyFiles */ = {
			isa = PBXCopyFilesBuildPhase;
			buildActionMask = 2147483647;
			dstPath = /usr/share/man/man1/;
			dstSubfolderSpec = 0;
			files = (
			);
			runOnlyForDeploymentPostprocessing = 1;
		};
		2AE995E52847940D0050E73A /* CopyFiles */ = {
			isa = PBXCopyFilesBuildPhase;
			buildActionMask = 2147483647;
			dstPath = /usr/share/man/man1/;
			dstSubfolderSpec = 0;
			files = (
			);
			runOnlyForDeploymentPostprocessing = 1;
		};
		2AE996042847A2040050E73A /* CopyFiles */ = {
			isa = PBXCopyFilesBuildPhase;
			buildActionMask = 2147483647;
			dstPath = /usr/share/man/man1/;
			dstSubfolderSpec = 0;
			files = (
			);
			runOnlyForDeploymentPostprocessing = 1;
		};
		2AE996242847E05A0050E73A /* CopyFiles */ = {
			isa = PBXCopyFilesBuildPhase;
			buildActionMask = 2147483647;
			dstPath = /usr/share/man/man1/;
			dstSubfolderSpec = 0;
			files = (
			);
			runOnlyForDeploymentPostprocessing = 1;
		};
		2AE996442848CA2B0050E73A /* CopyFiles */ = {
			isa = PBXCopyFilesBuildPhase;
			buildActionMask = 2147483647;
			dstPath = /usr/share/man/man1/;
			dstSubfolderSpec = 0;
			files = (
			);
			runOnlyForDeploymentPostprocessing = 1;
		};
/* End PBXCopyFilesBuildPhase section */

/* Begin PBXFileReference section */
		2AD2D778283E8C350092171B /* Makefile */ = {isa = PBXFileReference; lastKnownFileType = sourcecode.make; path = Makefile; sourceTree = "<group>"; };
		2AD2D779283E8C350092171B /* test_so.c */ = {isa = PBXFileReference; lastKnownFileType = sourcecode.c.c; path = test_so.c; sourceTree = "<group>"; };
		2AD2D77D283E8C350092171B /* so.c */ = {isa = PBXFileReference; lastKnownFileType = sourcecode.c.c; path = so.c; sourceTree = "<group>"; };
		2AD2D788283E8CF50092171B /* shopping_options */ = {isa = PBXFileReference; explicitFileType = "compiled.mach-o.executable"; includeInIndex = 0; path = shopping_options; sourceTree = BUILT_PRODUCTS_DIR; };
		2AD2D78B283EFC4E0092171B /* solution.cpp */ = {isa = PBXFileReference; fileEncoding = 4; lastKnownFileType = sourcecode.cpp.cpp; path = solution.cpp; sourceTree = "<group>"; };
		2AD2D78D283F94770092171B /* attempt2.cpp */ = {isa = PBXFileReference; fileEncoding = 4; lastKnownFileType = sourcecode.cpp.cpp; path = attempt2.cpp; sourceTree = "<group>"; };
		2AD2D78F283F95F50092171B /* test_attempt2.cpp */ = {isa = PBXFileReference; fileEncoding = 4; lastKnownFileType = sourcecode.cpp.cpp; path = test_attempt2.cpp; sourceTree = "<group>"; };
		2AD2D7BA283FD7EB0092171B /* Makefile */ = {isa = PBXFileReference; lastKnownFileType = sourcecode.make; path = Makefile; sourceTree = "<group>"; };
		2AD2D7BE283FD7EB0092171B /* test_muot.c */ = {isa = PBXFileReference; lastKnownFileType = sourcecode.c.c; path = test_muot.c; sourceTree = "<group>"; };
		2AD2D7BF283FD7EB0092171B /* muot.c */ = {isa = PBXFileReference; lastKnownFileType = sourcecode.c.c; path = muot.c; sourceTree = "<group>"; };
		2AD2D7CA283FDC7F0092171B /* max_units_on_truck */ = {isa = PBXFileReference; explicitFileType = "compiled.mach-o.executable"; includeInIndex = 0; path = max_units_on_truck; sourceTree = BUILT_PRODUCTS_DIR; };
		2AD2D7DD283FF7E00092171B /* Makefile */ = {isa = PBXFileReference; lastKnownFileType = sourcecode.make; path = Makefile; sourceTree = "<group>"; };
		2AD2D7DE283FF7E00092171B /* test_pos.c */ = {isa = PBXFileReference; lastKnownFileType = sourcecode.c.c; path = test_pos.c; sourceTree = "<group>"; };
		2AD2D7DF283FF7E00092171B /* pos.c */ = {isa = PBXFileReference; lastKnownFileType = sourcecode.c.c; path = pos.c; sourceTree = "<group>"; };
		2AD2D7EA283FF9860092171B /* pairs_of_songs */ = {isa = PBXFileReference; explicitFileType = "compiled.mach-o.executable"; includeInIndex = 0; path = pairs_of_songs; sourceTree = BUILT_PRODUCTS_DIR; };
		2AE2FC732837FC8800DFF794 /* template */ = {isa = PBXFileReference; explicitFileType = "compiled.mach-o.executable"; includeInIndex = 0; path = template; sourceTree = BUILT_PRODUCTS_DIR; };
		2AE2FC802837FD6200DFF794 /* prog1.c */ = {isa = PBXFileReference; fileEncoding = 4; lastKnownFileType = sourcecode.c.c; path = prog1.c; sourceTree = "<group>"; };
		2AE2FC812837FD6200DFF794 /* test_prog1.c */ = {isa = PBXFileReference; fileEncoding = 4; lastKnownFileType = sourcecode.c.c; path = test_prog1.c; sourceTree = "<group>"; };
		2AE2FC842837FF0D00DFF794 /* Makefile */ = {isa = PBXFileReference; lastKnownFileType = sourcecode.make; path = Makefile; sourceTree = "<group>"; };
		2AE2FC9328380C3100DFF794 /* Makefile */ = {isa = PBXFileReference; lastKnownFileType = sourcecode.make; path = Makefile; sourceTree = "<group>"; };
		2AE2FC9828380C3100DFF794 /* test_rbic.c */ = {isa = PBXFileReference; lastKnownFileType = sourcecode.c.c; path = test_rbic.c; sourceTree = "<group>"; };
		2AE2FC9928380C3100DFF794 /* rbic.c */ = {isa = PBXFileReference; lastKnownFileType = sourcecode.c.c; path = rbic.c; sourceTree = "<group>"; };
		2AE2FCA4283810EC00DFF794 /* robot_bounded_in_circle */ = {isa = PBXFileReference; explicitFileType = "compiled.mach-o.executable"; includeInIndex = 0; path = robot_bounded_in_circle; sourceTree = BUILT_PRODUCTS_DIR; };
		2AE2FCB5283831C100DFF794 /* Makefile */ = {isa = PBXFileReference; lastKnownFileType = sourcecode.make; path = Makefile; sourceTree = "<group>"; };
		2AE2FCB7283831C100DFF794 /* test_msan.c */ = {isa = PBXFileReference; lastKnownFileType = sourcecode.c.c; path = test_msan.c; sourceTree = "<group>"; };
		2AE2FCBB283831C100DFF794 /* msan.c */ = {isa = PBXFileReference; lastKnownFileType = sourcecode.c.c; path = msan.c; sourceTree = "<group>"; };
		2AE2FCC62838323F00DFF794 /* maximize_score_after_n */ = {isa = PBXFileReference; explicitFileType = "compiled.mach-o.executable"; includeInIndex = 0; path = maximize_score_after_n; sourceTree = BUILT_PRODUCTS_DIR; };
		2AE995512844FF080050E73A /* Makefile */ = {isa = PBXFileReference; lastKnownFileType = sourcecode.make; path = Makefile; sourceTree = "<group>"; };
		2AE995522844FF080050E73A /* test_prog1.cpp */ = {isa = PBXFileReference; lastKnownFileType = sourcecode.cpp.cpp; path = test_prog1.cpp; sourceTree = "<group>"; };
		2AE995562844FF080050E73A /* prog1.cpp */ = {isa = PBXFileReference; lastKnownFileType = sourcecode.cpp.cpp; path = prog1.cpp; sourceTree = "<group>"; };
		2AE995612845057C0050E73A /* min_deletions_letter_unique */ = {isa = PBXFileReference; explicitFileType = "compiled.mach-o.executable"; includeInIndex = 0; path = min_deletions_letter_unique; sourceTree = BUILT_PRODUCTS_DIR; };
		2AE995742846279B0050E73A /* Makefile */ = {isa = PBXFileReference; lastKnownFileType = sourcecode.make; path = Makefile; sourceTree = "<group>"; };
		2AE995752846279B0050E73A /* test_prog1.cpp */ = {isa = PBXFileReference; lastKnownFileType = sourcecode.cpp.cpp; path = test_prog1.cpp; sourceTree = "<group>"; };
		2AE995762846279B0050E73A /* prog1.cpp */ = {isa = PBXFileReference; lastKnownFileType = sourcecode.cpp.cpp; path = prog1.cpp; sourceTree = "<group>"; };
		2AE99581284629E90050E73A /* min_swaps_palindrome */ = {isa = PBXFileReference; explicitFileType = "compiled.mach-o.executable"; includeInIndex = 0; path = min_swaps_palindrome; sourceTree = BUILT_PRODUCTS_DIR; };
		2AE9959628469BE50050E73A /* Makefile */ = {isa = PBXFileReference; lastKnownFileType = sourcecode.make; path = Makefile; sourceTree = "<group>"; };
		2AE9959728469BE50050E73A /* test_prog1.cpp */ = {isa = PBXFileReference; lastKnownFileType = sourcecode.cpp.cpp; path = test_prog1.cpp; sourceTree = "<group>"; };
		2AE9959828469BE50050E73A /* prog1.cpp */ = {isa = PBXFileReference; lastKnownFileType = sourcecode.cpp.cpp; path = prog1.cpp; sourceTree = "<group>"; };
		2AE995A328469BF10050E73A /* min_steps_piles_height */ = {isa = PBXFileReference; explicitFileType = "compiled.mach-o.executable"; includeInIndex = 0; path = min_steps_piles_height; sourceTree = BUILT_PRODUCTS_DIR; };
		2AE995A82846AF020050E73A /* alt_solution.cpp */ = {isa = PBXFileReference; fileEncoding = 4; lastKnownFileType = sourcecode.cpp.cpp; path = alt_solution.cpp; sourceTree = "<group>"; };
		2AE995AA2847771E0050E73A /* alt_solution2.cpp */ = {isa = PBXFileReference; fileEncoding = 4; lastKnownFileType = sourcecode.cpp.cpp; path = alt_solution2.cpp; sourceTree = "<group>"; };
		2AE995BC28477F030050E73A /* Makefile */ = {isa = PBXFileReference; lastKnownFileType = sourcecode.make; path = Makefile; sourceTree = "<group>"; };
		2AE995BD28477F030050E73A /* test_prog1.cpp */ = {isa = PBXFileReference; lastKnownFileType = sourcecode.cpp.cpp; path = test_prog1.cpp; sourceTree = "<group>"; };
		2AE995BE28477F030050E73A /* prog1.c */ = {isa = PBXFileReference; lastKnownFileType = sourcecode.c.c; path = prog1.c; sourceTree = "<group>"; };
		2AE995C928477F0F0050E73A /* largest_k_st_k_negk_exist */ = {isa = PBXFileReference; explicitFileType = "compiled.mach-o.executable"; includeInIndex = 0; path = largest_k_st_k_negk_exist; sourceTree = BUILT_PRODUCTS_DIR; };
		2AE995DC284793CC0050E73A /* Makefile */ = {isa = PBXFileReference; lastKnownFileType = sourcecode.make; path = Makefile; sourceTree = "<group>"; };
		2AE995DD284793CC0050E73A /* test_prog1.cpp */ = {isa = PBXFileReference; lastKnownFileType = sourcecode.cpp.cpp; path = test_prog1.cpp; sourceTree = "<group>"; };
		2AE995DE284793CC0050E73A /* prog1.c */ = {isa = PBXFileReference; lastKnownFileType = sourcecode.c.c; path = prog1.c; sourceTree = "<group>"; };
		2AE995E92847940D0050E73A /* n_unique_sum_to_0 */ = {isa = PBXFileReference; explicitFileType = "compiled.mach-o.executable"; includeInIndex = 0; path = n_unique_sum_to_0; sourceTree = BUILT_PRODUCTS_DIR; };
		2AE995FB28479BB90050E73A /* Makefile */ = {isa = PBXFileReference; lastKnownFileType = sourcecode.make; path = Makefile; sourceTree = "<group>"; };
		2AE995FC28479BB90050E73A /* test_prog1.cpp */ = {isa = PBXFileReference; lastKnownFileType = sourcecode.cpp.cpp; path = test_prog1.cpp; sourceTree = "<group>"; };
		2AE995FD28479BB90050E73A /* prog1.c */ = {isa = PBXFileReference; lastKnownFileType = sourcecode.c.c; path = prog1.c; sourceTree = "<group>"; };
		2AE996082847A2040050E73A /* max_length_concat_string */ = {isa = PBXFileReference; explicitFileType = "compiled.mach-o.executable"; includeInIndex = 0; path = max_length_concat_string; sourceTree = BUILT_PRODUCTS_DIR; };
		2AE9961B2847E04F0050E73A /* Makefile */ = {isa = PBXFileReference; lastKnownFileType = sourcecode.make; path = Makefile; sourceTree = "<group>"; };
		2AE9961C2847E04F0050E73A /* test_prog1.cpp */ = {isa = PBXFileReference; lastKnownFileType = sourcecode.cpp.cpp; path = test_prog1.cpp; sourceTree = "<group>"; };
		2AE9961D2847E04F0050E73A /* prog1.c */ = {isa = PBXFileReference; lastKnownFileType = sourcecode.c.c; path = prog1.c; sourceTree = "<group>"; };
		2AE996282847E05A0050E73A /* partition_array_into_balanced_sums */ = {isa = PBXFileReference; explicitFileType = "compiled.mach-o.executable"; includeInIndex = 0; path = partition_array_into_balanced_sums; sourceTree = BUILT_PRODUCTS_DIR; };
		2AE9963B2848CA190050E73A /* Makefile */ = {isa = PBXFileReference; lastKnownFileType = sourcecode.make; path = Makefile; sourceTree = "<group>"; };
		2AE9963C2848CA190050E73A /* test_prog1.cpp */ = {isa = PBXFileReference; lastKnownFileType = sourcecode.cpp.cpp; path = test_prog1.cpp; sourceTree = "<group>"; };
		2AE9963D2848CA190050E73A /* prog1.c */ = {isa = PBXFileReference; lastKnownFileType = sourcecode.c.c; path = prog1.c; sourceTree = "<group>"; };
		2AE996482848CA2B0050E73A /* jump_game */ = {isa = PBXFileReference; explicitFileType = "compiled.mach-o.executable"; includeInIndex = 0; path = jump_game; sourceTree = BUILT_PRODUCTS_DIR; };
/* End PBXFileReference section */

/* Begin PBXFrameworksBuildPhase section */
		2AD2D783283E8CF50092171B /* Frameworks */ = {
			isa = PBXFrameworksBuildPhase;
			buildActionMask = 2147483647;
			files = (
			);
			runOnlyForDeploymentPostprocessing = 0;
		};
		2AD2D7C5283FDC7F0092171B /* Frameworks */ = {
			isa = PBXFrameworksBuildPhase;
			buildActionMask = 2147483647;
			files = (
			);
			runOnlyForDeploymentPostprocessing = 0;
		};
		2AD2D7E5283FF9860092171B /* Frameworks */ = {
			isa = PBXFrameworksBuildPhase;
			buildActionMask = 2147483647;
			files = (
			);
			runOnlyForDeploymentPostprocessing = 0;
		};
		2AE2FC702837FC8800DFF794 /* Frameworks */ = {
			isa = PBXFrameworksBuildPhase;
			buildActionMask = 2147483647;
			files = (
			);
			runOnlyForDeploymentPostprocessing = 0;
		};
		2AE2FC9F283810EC00DFF794 /* Frameworks */ = {
			isa = PBXFrameworksBuildPhase;
			buildActionMask = 2147483647;
			files = (
			);
			runOnlyForDeploymentPostprocessing = 0;
		};
		2AE2FCC12838323F00DFF794 /* Frameworks */ = {
			isa = PBXFrameworksBuildPhase;
			buildActionMask = 2147483647;
			files = (
			);
			runOnlyForDeploymentPostprocessing = 0;
		};
		2AE9955C2845057C0050E73A /* Frameworks */ = {
			isa = PBXFrameworksBuildPhase;
			buildActionMask = 2147483647;
			files = (
			);
			runOnlyForDeploymentPostprocessing = 0;
		};
		2AE9957C284629E90050E73A /* Frameworks */ = {
			isa = PBXFrameworksBuildPhase;
			buildActionMask = 2147483647;
			files = (
			);
			runOnlyForDeploymentPostprocessing = 0;
		};
		2AE9959E28469BF10050E73A /* Frameworks */ = {
			isa = PBXFrameworksBuildPhase;
			buildActionMask = 2147483647;
			files = (
			);
			runOnlyForDeploymentPostprocessing = 0;
		};
		2AE995C428477F0F0050E73A /* Frameworks */ = {
			isa = PBXFrameworksBuildPhase;
			buildActionMask = 2147483647;
			files = (
			);
			runOnlyForDeploymentPostprocessing = 0;
		};
		2AE995E42847940D0050E73A /* Frameworks */ = {
			isa = PBXFrameworksBuildPhase;
			buildActionMask = 2147483647;
			files = (
			);
			runOnlyForDeploymentPostprocessing = 0;
		};
		2AE996032847A2040050E73A /* Frameworks */ = {
			isa = PBXFrameworksBuildPhase;
			buildActionMask = 2147483647;
			files = (
			);
			runOnlyForDeploymentPostprocessing = 0;
		};
		2AE996232847E05A0050E73A /* Frameworks */ = {
			isa = PBXFrameworksBuildPhase;
			buildActionMask = 2147483647;
			files = (
			);
			runOnlyForDeploymentPostprocessing = 0;
		};
		2AE996432848CA2B0050E73A /* Frameworks */ = {
			isa = PBXFrameworksBuildPhase;
			buildActionMask = 2147483647;
			files = (
			);
			runOnlyForDeploymentPostprocessing = 0;
		};
/* End PBXFrameworksBuildPhase section */

/* Begin PBXGroup section */
		2AD2D777283E8C350092171B /* shopping_options */ = {
			isa = PBXGroup;
			children = (
				2AD2D778283E8C350092171B /* Makefile */,
				2AD2D78B283EFC4E0092171B /* solution.cpp */,
				2AD2D78D283F94770092171B /* attempt2.cpp */,
				2AD2D78F283F95F50092171B /* test_attempt2.cpp */,
				2AD2D779283E8C350092171B /* test_so.c */,
				2AD2D77D283E8C350092171B /* so.c */,
			);
			path = shopping_options;
			sourceTree = "<group>";
		};
		2AD2D7B9283FD7EB0092171B /* max_units_on_truck */ = {
			isa = PBXGroup;
			children = (
				2AD2D7BA283FD7EB0092171B /* Makefile */,
				2AD2D7BE283FD7EB0092171B /* test_muot.c */,
				2AD2D7BF283FD7EB0092171B /* muot.c */,
			);
			path = max_units_on_truck;
			sourceTree = "<group>";
		};
		2AD2D7D9283FF7E00092171B /* pairs_of_songs */ = {
			isa = PBXGroup;
			children = (
				2AD2D7DD283FF7E00092171B /* Makefile */,
				2AD2D7DE283FF7E00092171B /* test_pos.c */,
				2AD2D7DF283FF7E00092171B /* pos.c */,
			);
			path = pairs_of_songs;
			sourceTree = "<group>";
		};
		2AE2FC6A2837FC8800DFF794 = {
			isa = PBXGroup;
			children = (
				2AE996372848CA190050E73A /* jump_game */,
				2AE996172847E04F0050E73A /* partition_array_into_balanced_sums */,
				2AE995F728479BB90050E73A /* max_length_concat_string */,
				2AE995D8284793CC0050E73A /* n_unique_sum_to_0 */,
				2AE995B828477F030050E73A /* largest_k_st_k_negk_exist */,
				2AE9959228469BE50050E73A /* min_steps_piles_height */,
				2AE995702846279B0050E73A /* min_swaps_palindrome */,
				2AE995502844FF080050E73A /* min_deletions_letter_unique */,
				2AD2D7D9283FF7E00092171B /* pairs_of_songs */,
				2AD2D7B9283FD7EB0092171B /* max_units_on_truck */,
				2AE2FC7D2837FD1400DFF794 /* template */,
				2AD2D777283E8C350092171B /* shopping_options */,
				2AE2FCB4283831C100DFF794 /* maximize_score_after_n */,
				2AE2FC9228380C3100DFF794 /* robot_bounded_in_circle */,
				2AE2FC742837FC8800DFF794 /* Products */,
			);
			sourceTree = "<group>";
		};
		2AE2FC742837FC8800DFF794 /* Products */ = {
			isa = PBXGroup;
			children = (
				2AE2FC732837FC8800DFF794 /* template */,
				2AE2FCA4283810EC00DFF794 /* robot_bounded_in_circle */,
				2AE2FCC62838323F00DFF794 /* maximize_score_after_n */,
				2AD2D788283E8CF50092171B /* shopping_options */,
				2AD2D7CA283FDC7F0092171B /* max_units_on_truck */,
				2AD2D7EA283FF9860092171B /* pairs_of_songs */,
				2AE995612845057C0050E73A /* min_deletions_letter_unique */,
				2AE99581284629E90050E73A /* min_swaps_palindrome */,
				2AE995A328469BF10050E73A /* min_steps_piles_height */,
				2AE995C928477F0F0050E73A /* largest_k_st_k_negk_exist */,
				2AE995E92847940D0050E73A /* n_unique_sum_to_0 */,
				2AE996082847A2040050E73A /* max_length_concat_string */,
				2AE996282847E05A0050E73A /* partition_array_into_balanced_sums */,
				2AE996482848CA2B0050E73A /* jump_game */,
			);
			name = Products;
			sourceTree = "<group>";
		};
		2AE2FC7D2837FD1400DFF794 /* template */ = {
			isa = PBXGroup;
			children = (
				2AE2FC842837FF0D00DFF794 /* Makefile */,
				2AE2FC802837FD6200DFF794 /* prog1.c */,
				2AE2FC812837FD6200DFF794 /* test_prog1.c */,
			);
			path = template;
			sourceTree = "<group>";
		};
		2AE2FC9228380C3100DFF794 /* robot_bounded_in_circle */ = {
			isa = PBXGroup;
			children = (
				2AE2FC9328380C3100DFF794 /* Makefile */,
				2AE2FC9828380C3100DFF794 /* test_rbic.c */,
				2AE2FC9928380C3100DFF794 /* rbic.c */,
			);
			path = robot_bounded_in_circle;
			sourceTree = "<group>";
		};
		2AE2FCB4283831C100DFF794 /* maximize_score_after_n */ = {
			isa = PBXGroup;
			children = (
				2AE2FCB5283831C100DFF794 /* Makefile */,
				2AE2FCB7283831C100DFF794 /* test_msan.c */,
				2AE2FCBB283831C100DFF794 /* msan.c */,
			);
			path = maximize_score_after_n;
			sourceTree = "<group>";
		};
		2AE995502844FF080050E73A /* min_deletions_letter_unique */ = {
			isa = PBXGroup;
			children = (
				2AE995512844FF080050E73A /* Makefile */,
				2AE995522844FF080050E73A /* test_prog1.cpp */,
				2AE995562844FF080050E73A /* prog1.cpp */,
			);
			path = min_deletions_letter_unique;
			sourceTree = "<group>";
		};
		2AE995702846279B0050E73A /* min_swaps_palindrome */ = {
			isa = PBXGroup;
			children = (
				2AE995742846279B0050E73A /* Makefile */,
				2AE995752846279B0050E73A /* test_prog1.cpp */,
				2AE995762846279B0050E73A /* prog1.cpp */,
			);
			path = min_swaps_palindrome;
			sourceTree = "<group>";
		};
		2AE9959228469BE50050E73A /* min_steps_piles_height */ = {
			isa = PBXGroup;
			children = (
				2AE9959628469BE50050E73A /* Makefile */,
				2AE995AA2847771E0050E73A /* alt_solution2.cpp */,
				2AE995A82846AF020050E73A /* alt_solution.cpp */,
				2AE9959728469BE50050E73A /* test_prog1.cpp */,
				2AE9959828469BE50050E73A /* prog1.cpp */,
			);
			path = min_steps_piles_height;
			sourceTree = "<group>";
		};
		2AE995B828477F030050E73A /* largest_k_st_k_negk_exist */ = {
			isa = PBXGroup;
			children = (
				2AE995BC28477F030050E73A /* Makefile */,
				2AE995BD28477F030050E73A /* test_prog1.cpp */,
				2AE995BE28477F030050E73A /* prog1.c */,
			);
			path = largest_k_st_k_negk_exist;
			sourceTree = "<group>";
		};
		2AE995D8284793CC0050E73A /* n_unique_sum_to_0 */ = {
			isa = PBXGroup;
			children = (
				2AE995DC284793CC0050E73A /* Makefile */,
				2AE995DD284793CC0050E73A /* test_prog1.cpp */,
				2AE995DE284793CC0050E73A /* prog1.c */,
			);
			path = n_unique_sum_to_0;
			sourceTree = "<group>";
		};
		2AE995F728479BB90050E73A /* max_length_concat_string */ = {
			isa = PBXGroup;
			children = (
				2AE995FB28479BB90050E73A /* Makefile */,
				2AE995FC28479BB90050E73A /* test_prog1.cpp */,
				2AE995FD28479BB90050E73A /* prog1.c */,
			);
			path = max_length_concat_string;
			sourceTree = "<group>";
		};
		2AE996172847E04F0050E73A /* partition_array_into_balanced_sums */ = {
			isa = PBXGroup;
			children = (
				2AE9961B2847E04F0050E73A /* Makefile */,
				2AE9961C2847E04F0050E73A /* test_prog1.cpp */,
				2AE9961D2847E04F0050E73A /* prog1.c */,
			);
			path = partition_array_into_balanced_sums;
			sourceTree = "<group>";
		};
		2AE996372848CA190050E73A /* jump_game */ = {
			isa = PBXGroup;
			children = (
				2AE9963B2848CA190050E73A /* Makefile */,
				2AE9963C2848CA190050E73A /* test_prog1.cpp */,
				2AE9963D2848CA190050E73A /* prog1.c */,
			);
			path = jump_game;
			sourceTree = "<group>";
		};
/* End PBXGroup section */

/* Begin PBXNativeTarget section */
		2AD2D77F283E8CF50092171B /* shopping_options */ = {
			isa = PBXNativeTarget;
			buildConfigurationList = 2AD2D785283E8CF50092171B /* Build configuration list for PBXNativeTarget "shopping_options" */;
			buildPhases = (
				2AD2D780283E8CF50092171B /* Sources */,
				2AD2D783283E8CF50092171B /* Frameworks */,
				2AD2D784283E8CF50092171B /* CopyFiles */,
			);
			buildRules = (
			);
			dependencies = (
			);
			name = shopping_options;
			productName = leetcode;
			productReference = 2AD2D788283E8CF50092171B /* shopping_options */;
			productType = "com.apple.product-type.tool";
		};
		2AD2D7C1283FDC7F0092171B /* max_units_on_truck */ = {
			isa = PBXNativeTarget;
			buildConfigurationList = 2AD2D7C7283FDC7F0092171B /* Build configuration list for PBXNativeTarget "max_units_on_truck" */;
			buildPhases = (
				2AD2D7C2283FDC7F0092171B /* Sources */,
				2AD2D7C5283FDC7F0092171B /* Frameworks */,
				2AD2D7C6283FDC7F0092171B /* CopyFiles */,
			);
			buildRules = (
			);
			dependencies = (
			);
			name = max_units_on_truck;
			productName = leetcode;
			productReference = 2AD2D7CA283FDC7F0092171B /* max_units_on_truck */;
			productType = "com.apple.product-type.tool";
		};
		2AD2D7E1283FF9860092171B /* pairs_of_songs */ = {
			isa = PBXNativeTarget;
			buildConfigurationList = 2AD2D7E7283FF9860092171B /* Build configuration list for PBXNativeTarget "pairs_of_songs" */;
			buildPhases = (
				2AD2D7E2283FF9860092171B /* Sources */,
				2AD2D7E5283FF9860092171B /* Frameworks */,
				2AD2D7E6283FF9860092171B /* CopyFiles */,
			);
			buildRules = (
			);
			dependencies = (
			);
			name = pairs_of_songs;
			productName = leetcode;
			productReference = 2AD2D7EA283FF9860092171B /* pairs_of_songs */;
			productType = "com.apple.product-type.tool";
		};
		2AE2FC722837FC8800DFF794 /* template */ = {
			isa = PBXNativeTarget;
			buildConfigurationList = 2AE2FC7A2837FC8800DFF794 /* Build configuration list for PBXNativeTarget "template" */;
			buildPhases = (
				2AE2FC6F2837FC8800DFF794 /* Sources */,
				2AE2FC702837FC8800DFF794 /* Frameworks */,
				2AE2FC712837FC8800DFF794 /* CopyFiles */,
			);
			buildRules = (
			);
			dependencies = (
			);
			name = template;
			productName = leetcode;
			productReference = 2AE2FC732837FC8800DFF794 /* template */;
			productType = "com.apple.product-type.tool";
		};
		2AE2FC9B283810EC00DFF794 /* robot_bounded_in_circle */ = {
			isa = PBXNativeTarget;
			buildConfigurationList = 2AE2FCA1283810EC00DFF794 /* Build configuration list for PBXNativeTarget "robot_bounded_in_circle" */;
			buildPhases = (
				2AE2FC9C283810EC00DFF794 /* Sources */,
				2AE2FC9F283810EC00DFF794 /* Frameworks */,
				2AE2FCA0283810EC00DFF794 /* CopyFiles */,
			);
			buildRules = (
			);
			dependencies = (
			);
			name = robot_bounded_in_circle;
			productName = leetcode;
			productReference = 2AE2FCA4283810EC00DFF794 /* robot_bounded_in_circle */;
			productType = "com.apple.product-type.tool";
		};
		2AE2FCBD2838323F00DFF794 /* maximize_score_after_n */ = {
			isa = PBXNativeTarget;
			buildConfigurationList = 2AE2FCC32838323F00DFF794 /* Build configuration list for PBXNativeTarget "maximize_score_after_n" */;
			buildPhases = (
				2AE2FCBE2838323F00DFF794 /* Sources */,
				2AE2FCC12838323F00DFF794 /* Frameworks */,
				2AE2FCC22838323F00DFF794 /* CopyFiles */,
			);
			buildRules = (
			);
			dependencies = (
			);
			name = maximize_score_after_n;
			productName = leetcode;
			productReference = 2AE2FCC62838323F00DFF794 /* maximize_score_after_n */;
			productType = "com.apple.product-type.tool";
		};
		2AE995582845057C0050E73A /* min_deletions_letter_unique */ = {
			isa = PBXNativeTarget;
			buildConfigurationList = 2AE9955E2845057C0050E73A /* Build configuration list for PBXNativeTarget "min_deletions_letter_unique" */;
			buildPhases = (
				2AE995592845057C0050E73A /* Sources */,
				2AE9955C2845057C0050E73A /* Frameworks */,
				2AE9955D2845057C0050E73A /* CopyFiles */,
			);
			buildRules = (
			);
			dependencies = (
			);
			name = min_deletions_letter_unique;
			productName = leetcode;
			productReference = 2AE995612845057C0050E73A /* min_deletions_letter_unique */;
			productType = "com.apple.product-type.tool";
		};
		2AE99578284629E90050E73A /* min_swaps_palindrome */ = {
			isa = PBXNativeTarget;
			buildConfigurationList = 2AE9957E284629E90050E73A /* Build configuration list for PBXNativeTarget "min_swaps_palindrome" */;
			buildPhases = (
				2AE99579284629E90050E73A /* Sources */,
				2AE9957C284629E90050E73A /* Frameworks */,
				2AE9957D284629E90050E73A /* CopyFiles */,
			);
			buildRules = (
			);
			dependencies = (
			);
			name = min_swaps_palindrome;
			productName = leetcode;
			productReference = 2AE99581284629E90050E73A /* min_swaps_palindrome */;
			productType = "com.apple.product-type.tool";
		};
		2AE9959A28469BF10050E73A /* min_steps_piles_height */ = {
			isa = PBXNativeTarget;
			buildConfigurationList = 2AE995A028469BF10050E73A /* Build configuration list for PBXNativeTarget "min_steps_piles_height" */;
			buildPhases = (
				2AE9959B28469BF10050E73A /* Sources */,
				2AE9959E28469BF10050E73A /* Frameworks */,
				2AE9959F28469BF10050E73A /* CopyFiles */,
			);
			buildRules = (
			);
			dependencies = (
			);
			name = min_steps_piles_height;
			productName = leetcode;
			productReference = 2AE995A328469BF10050E73A /* min_steps_piles_height */;
			productType = "com.apple.product-type.tool";
		};
		2AE995C028477F0F0050E73A /* largest_k_st_k_negk_exist */ = {
			isa = PBXNativeTarget;
			buildConfigurationList = 2AE995C628477F0F0050E73A /* Build configuration list for PBXNativeTarget "largest_k_st_k_negk_exist" */;
			buildPhases = (
				2AE995C128477F0F0050E73A /* Sources */,
				2AE995C428477F0F0050E73A /* Frameworks */,
				2AE995C528477F0F0050E73A /* CopyFiles */,
			);
			buildRules = (
			);
			dependencies = (
			);
			name = largest_k_st_k_negk_exist;
			productName = leetcode;
			productReference = 2AE995C928477F0F0050E73A /* largest_k_st_k_negk_exist */;
			productType = "com.apple.product-type.tool";
		};
		2AE995E02847940D0050E73A /* n_unique_sum_to_0 */ = {
			isa = PBXNativeTarget;
			buildConfigurationList = 2AE995E62847940D0050E73A /* Build configuration list for PBXNativeTarget "n_unique_sum_to_0" */;
			buildPhases = (
				2AE995E12847940D0050E73A /* Sources */,
				2AE995E42847940D0050E73A /* Frameworks */,
				2AE995E52847940D0050E73A /* CopyFiles */,
			);
			buildRules = (
			);
			dependencies = (
			);
			name = n_unique_sum_to_0;
			productName = leetcode;
			productReference = 2AE995E92847940D0050E73A /* n_unique_sum_to_0 */;
			productType = "com.apple.product-type.tool";
		};
		2AE995FF2847A2040050E73A /* max_length_concat_string */ = {
			isa = PBXNativeTarget;
			buildConfigurationList = 2AE996052847A2040050E73A /* Build configuration list for PBXNativeTarget "max_length_concat_string" */;
			buildPhases = (
				2AE996002847A2040050E73A /* Sources */,
				2AE996032847A2040050E73A /* Frameworks */,
				2AE996042847A2040050E73A /* CopyFiles */,
			);
			buildRules = (
			);
			dependencies = (
			);
			name = max_length_concat_string;
			productName = leetcode;
			productReference = 2AE996082847A2040050E73A /* max_length_concat_string */;
			productType = "com.apple.product-type.tool";
		};
		2AE9961F2847E05A0050E73A /* partition_array_into_balanced_sums */ = {
			isa = PBXNativeTarget;
			buildConfigurationList = 2AE996252847E05A0050E73A /* Build configuration list for PBXNativeTarget "partition_array_into_balanced_sums" */;
			buildPhases = (
				2AE996202847E05A0050E73A /* Sources */,
				2AE996232847E05A0050E73A /* Frameworks */,
				2AE996242847E05A0050E73A /* CopyFiles */,
			);
			buildRules = (
			);
			dependencies = (
			);
			name = partition_array_into_balanced_sums;
			productName = leetcode;
			productReference = 2AE996282847E05A0050E73A /* partition_array_into_balanced_sums */;
			productType = "com.apple.product-type.tool";
		};
		2AE9963F2848CA2B0050E73A /* jump_game */ = {
			isa = PBXNativeTarget;
			buildConfigurationList = 2AE996452848CA2B0050E73A /* Build configuration list for PBXNativeTarget "jump_game" */;
			buildPhases = (
				2AE996402848CA2B0050E73A /* Sources */,
				2AE996432848CA2B0050E73A /* Frameworks */,
				2AE996442848CA2B0050E73A /* CopyFiles */,
			);
			buildRules = (
			);
			dependencies = (
			);
			name = jump_game;
			productName = leetcode;
			productReference = 2AE996482848CA2B0050E73A /* jump_game */;
			productType = "com.apple.product-type.tool";
		};
/* End PBXNativeTarget section */

/* Begin PBXProject section */
		2AE2FC6B2837FC8800DFF794 /* Project object */ = {
			isa = PBXProject;
			attributes = {
				BuildIndependentTargetsInParallel = 1;
				LastUpgradeCheck = 1320;
				TargetAttributes = {
					2AE2FC722837FC8800DFF794 = {
						CreatedOnToolsVersion = 13.2.1;
					};
				};
			};
			buildConfigurationList = 2AE2FC6E2837FC8800DFF794 /* Build configuration list for PBXProject "leetcode" */;
			compatibilityVersion = "Xcode 13.0";
			developmentRegion = en;
			hasScannedForEncodings = 0;
			knownRegions = (
				en,
				Base,
			);
			mainGroup = 2AE2FC6A2837FC8800DFF794;
			productRefGroup = 2AE2FC742837FC8800DFF794 /* Products */;
			projectDirPath = "";
			projectRoot = "";
			targets = (
				2AE2FC722837FC8800DFF794 /* template */,
				2AE2FC9B283810EC00DFF794 /* robot_bounded_in_circle */,
				2AE2FCBD2838323F00DFF794 /* maximize_score_after_n */,
				2AD2D77F283E8CF50092171B /* shopping_options */,
				2AD2D7C1283FDC7F0092171B /* max_units_on_truck */,
				2AD2D7E1283FF9860092171B /* pairs_of_songs */,
				2AE995582845057C0050E73A /* min_deletions_letter_unique */,
				2AE99578284629E90050E73A /* min_swaps_palindrome */,
				2AE9959A28469BF10050E73A /* min_steps_piles_height */,
				2AE995C028477F0F0050E73A /* largest_k_st_k_negk_exist */,
				2AE995E02847940D0050E73A /* n_unique_sum_to_0 */,
				2AE995FF2847A2040050E73A /* max_length_concat_string */,
				2AE9961F2847E05A0050E73A /* partition_array_into_balanced_sums */,
				2AE9963F2848CA2B0050E73A /* jump_game */,
			);
		};
/* End PBXProject section */

/* Begin PBXSourcesBuildPhase section */
		2AD2D780283E8CF50092171B /* Sources */ = {
			isa = PBXSourcesBuildPhase;
			buildActionMask = 2147483647;
			files = (
				2AD2D789283E8D010092171B /* test_so.c in Sources */,
				2AD2D78C283EFC4E0092171B /* solution.cpp in Sources */,
				2AD2D790283F95F50092171B /* test_attempt2.cpp in Sources */,
				2AD2D78E283F94770092171B /* attempt2.cpp in Sources */,
				2AD2D78A283E8D010092171B /* so.c in Sources */,
			);
			runOnlyForDeploymentPostprocessing = 0;
		};
		2AD2D7C2283FDC7F0092171B /* Sources */ = {
			isa = PBXSourcesBuildPhase;
			buildActionMask = 2147483647;
			files = (
				2AD2D7CB283FDC8E0092171B /* test_muot.c in Sources */,
				2AD2D7CC283FDC8E0092171B /* muot.c in Sources */,
			);
			runOnlyForDeploymentPostprocessing = 0;
		};
		2AD2D7E2283FF9860092171B /* Sources */ = {
			isa = PBXSourcesBuildPhase;
			buildActionMask = 2147483647;
			files = (
				2AD2D7EB283FF9920092171B /* test_pos.c in Sources */,
				2AD2D7EC283FF9920092171B /* pos.c in Sources */,
			);
			runOnlyForDeploymentPostprocessing = 0;
		};
		2AE2FC6F2837FC8800DFF794 /* Sources */ = {
			isa = PBXSourcesBuildPhase;
			buildActionMask = 2147483647;
			files = (
				2AE2FC822837FD6200DFF794 /* prog1.c in Sources */,
				2AE2FC832837FD6200DFF794 /* test_prog1.c in Sources */,
			);
			runOnlyForDeploymentPostprocessing = 0;
		};
		2AE2FC9C283810EC00DFF794 /* Sources */ = {
			isa = PBXSourcesBuildPhase;
			buildActionMask = 2147483647;
			files = (
				2AE2FCA5283810F900DFF794 /* test_rbic.c in Sources */,
				2AE2FCA6283810F900DFF794 /* rbic.c in Sources */,
			);
			runOnlyForDeploymentPostprocessing = 0;
		};
		2AE2FCBE2838323F00DFF794 /* Sources */ = {
			isa = PBXSourcesBuildPhase;
			buildActionMask = 2147483647;
			files = (
				2AE2FCC72838324F00DFF794 /* test_msan.c in Sources */,
				2AE2FCC82838324F00DFF794 /* msan.c in Sources */,
			);
			runOnlyForDeploymentPostprocessing = 0;
		};
		2AE995592845057C0050E73A /* Sources */ = {
			isa = PBXSourcesBuildPhase;
			buildActionMask = 2147483647;
			files = (
				2AE995622845058C0050E73A /* test_prog1.cpp in Sources */,
				2AE995632845058C0050E73A /* prog1.cpp in Sources */,
			);
			runOnlyForDeploymentPostprocessing = 0;
		};
		2AE99579284629E90050E73A /* Sources */ = {
			isa = PBXSourcesBuildPhase;
			buildActionMask = 2147483647;
			files = (
				2AE99582284629F40050E73A /* test_prog1.cpp in Sources */,
				2AE99583284629F40050E73A /* prog1.cpp in Sources */,
			);
			runOnlyForDeploymentPostprocessing = 0;
		};
		2AE9959B28469BF10050E73A /* Sources */ = {
			isa = PBXSourcesBuildPhase;
			buildActionMask = 2147483647;
			files = (
				2AE995A92846AF020050E73A /* alt_solution.cpp in Sources */,
				2AE995AB2847771E0050E73A /* alt_solution2.cpp in Sources */,
				2AE995A428469C000050E73A /* test_prog1.cpp in Sources */,
				2AE995A528469C000050E73A /* prog1.cpp in Sources */,
			);
			runOnlyForDeploymentPostprocessing = 0;
		};
		2AE995C128477F0F0050E73A /* Sources */ = {
			isa = PBXSourcesBuildPhase;
			buildActionMask = 2147483647;
			files = (
				2AE995CA28477F190050E73A /* test_prog1.cpp in Sources */,
				2AE995CB28477F190050E73A /* prog1.c in Sources */,
			);
			runOnlyForDeploymentPostprocessing = 0;
		};
		2AE995E12847940D0050E73A /* Sources */ = {
			isa = PBXSourcesBuildPhase;
			buildActionMask = 2147483647;
			files = (
				2AE995EA2847941B0050E73A /* test_prog1.cpp in Sources */,
			);
			runOnlyForDeploymentPostprocessing = 0;
		};
		2AE996002847A2040050E73A /* Sources */ = {
			isa = PBXSourcesBuildPhase;
			buildActionMask = 2147483647;
			files = (
				2AE996092847A20C0050E73A /* test_prog1.cpp in Sources */,
				2AE9960A2847A20C0050E73A /* prog1.c in Sources */,
			);
			runOnlyForDeploymentPostprocessing = 0;
		};
		2AE996202847E05A0050E73A /* Sources */ = {
			isa = PBXSourcesBuildPhase;
			buildActionMask = 2147483647;
			files = (
				2AE996292847E0630050E73A /* test_prog1.cpp in Sources */,
				2AE9962A2847E0630050E73A /* prog1.c in Sources */,
			);
			runOnlyForDeploymentPostprocessing = 0;
		};
		2AE996402848CA2B0050E73A /* Sources */ = {
			isa = PBXSourcesBuildPhase;
			buildActionMask = 2147483647;
			files = (
				2AE996492848CA370050E73A /* test_prog1.cpp in Sources */,
				2AE9964A2848CA370050E73A /* prog1.c in Sources */,
			);
			runOnlyForDeploymentPostprocessing = 0;
		};
/* End PBXSourcesBuildPhase section */

/* Begin XCBuildConfiguration section */
		2AD2D786283E8CF50092171B /* Debug */ = {
			isa = XCBuildConfiguration;
			buildSettings = {
				CODE_SIGN_STYLE = Automatic;
				PRODUCT_NAME = "$(TARGET_NAME)";
			};
			name = Debug;
		};
		2AD2D787283E8CF50092171B /* Release */ = {
			isa = XCBuildConfiguration;
			buildSettings = {
				CODE_SIGN_STYLE = Automatic;
				PRODUCT_NAME = "$(TARGET_NAME)";
			};
			name = Release;
		};
		2AD2D7C8283FDC7F0092171B /* Debug */ = {
			isa = XCBuildConfiguration;
			buildSettings = {
				CODE_SIGN_STYLE = Automatic;
				PRODUCT_NAME = "$(TARGET_NAME)";
			};
			name = Debug;
		};
		2AD2D7C9283FDC7F0092171B /* Release */ = {
			isa = XCBuildConfiguration;
			buildSettings = {
				CODE_SIGN_STYLE = Automatic;
				PRODUCT_NAME = "$(TARGET_NAME)";
			};
			name = Release;
		};
		2AD2D7E8283FF9860092171B /* Debug */ = {
			isa = XCBuildConfiguration;
			buildSettings = {
				CODE_SIGN_STYLE = Automatic;
				PRODUCT_NAME = "$(TARGET_NAME)";
			};
			name = Debug;
		};
		2AD2D7E9283FF9860092171B /* Release */ = {
			isa = XCBuildConfiguration;
			buildSettings = {
				CODE_SIGN_STYLE = Automatic;
				PRODUCT_NAME = "$(TARGET_NAME)";
			};
			name = Release;
		};
		2AE2FC782837FC8800DFF794 /* Debug */ = {
			isa = XCBuildConfiguration;
			buildSettings = {
				ALWAYS_SEARCH_USER_PATHS = NO;
				CLANG_ANALYZER_NONNULL = YES;
				CLANG_ANALYZER_NUMBER_OBJECT_CONVERSION = YES_AGGRESSIVE;
				CLANG_CXX_LANGUAGE_STANDARD = "gnu++17";
				CLANG_CXX_LIBRARY = "libc++";
				CLANG_ENABLE_MODULES = YES;
				CLANG_ENABLE_OBJC_ARC = YES;
				CLANG_ENABLE_OBJC_WEAK = YES;
				CLANG_WARN_BLOCK_CAPTURE_AUTORELEASING = YES;
				CLANG_WARN_BOOL_CONVERSION = YES;
				CLANG_WARN_COMMA = YES;
				CLANG_WARN_CONSTANT_CONVERSION = YES;
				CLANG_WARN_DEPRECATED_OBJC_IMPLEMENTATIONS = YES;
				CLANG_WARN_DIRECT_OBJC_ISA_USAGE = YES_ERROR;
				CLANG_WARN_DOCUMENTATION_COMMENTS = YES;
				CLANG_WARN_EMPTY_BODY = YES;
				CLANG_WARN_ENUM_CONVERSION = YES;
				CLANG_WARN_INFINITE_RECURSION = YES;
				CLANG_WARN_INT_CONVERSION = YES;
				CLANG_WARN_NON_LITERAL_NULL_CONVERSION = YES;
				CLANG_WARN_OBJC_IMPLICIT_RETAIN_SELF = YES;
				CLANG_WARN_OBJC_LITERAL_CONVERSION = YES;
				CLANG_WARN_OBJC_ROOT_CLASS = YES_ERROR;
				CLANG_WARN_QUOTED_INCLUDE_IN_FRAMEWORK_HEADER = YES;
				CLANG_WARN_RANGE_LOOP_ANALYSIS = YES;
				CLANG_WARN_STRICT_PROTOTYPES = YES;
				CLANG_WARN_SUSPICIOUS_MOVE = YES;
				CLANG_WARN_UNGUARDED_AVAILABILITY = YES_AGGRESSIVE;
				CLANG_WARN_UNREACHABLE_CODE = YES;
				CLANG_WARN__DUPLICATE_METHOD_MATCH = YES;
				COPY_PHASE_STRIP = NO;
				DEBUG_INFORMATION_FORMAT = dwarf;
				ENABLE_STRICT_OBJC_MSGSEND = YES;
				ENABLE_TESTABILITY = YES;
				GCC_C_LANGUAGE_STANDARD = gnu11;
				GCC_DYNAMIC_NO_PIC = NO;
				GCC_NO_COMMON_BLOCKS = YES;
				GCC_OPTIMIZATION_LEVEL = 0;
				GCC_PREPROCESSOR_DEFINITIONS = (
					"DEBUG=1",
					"$(inherited)",
				);
				GCC_WARN_64_TO_32_BIT_CONVERSION = YES;
				GCC_WARN_ABOUT_RETURN_TYPE = YES_ERROR;
				GCC_WARN_UNDECLARED_SELECTOR = YES;
				GCC_WARN_UNINITIALIZED_AUTOS = YES_AGGRESSIVE;
				GCC_WARN_UNUSED_FUNCTION = YES;
				GCC_WARN_UNUSED_VARIABLE = YES;
				MACOSX_DEPLOYMENT_TARGET = 11.6;
				MTL_ENABLE_DEBUG_INFO = INCLUDE_SOURCE;
				MTL_FAST_MATH = YES;
				ONLY_ACTIVE_ARCH = YES;
				SDKROOT = macosx;
			};
			name = Debug;
		};
		2AE2FC792837FC8800DFF794 /* Release */ = {
			isa = XCBuildConfiguration;
			buildSettings = {
				ALWAYS_SEARCH_USER_PATHS = NO;
				CLANG_ANALYZER_NONNULL = YES;
				CLANG_ANALYZER_NUMBER_OBJECT_CONVERSION = YES_AGGRESSIVE;
				CLANG_CXX_LANGUAGE_STANDARD = "gnu++17";
				CLANG_CXX_LIBRARY = "libc++";
				CLANG_ENABLE_MODULES = YES;
				CLANG_ENABLE_OBJC_ARC = YES;
				CLANG_ENABLE_OBJC_WEAK = YES;
				CLANG_WARN_BLOCK_CAPTURE_AUTORELEASING = YES;
				CLANG_WARN_BOOL_CONVERSION = YES;
				CLANG_WARN_COMMA = YES;
				CLANG_WARN_CONSTANT_CONVERSION = YES;
				CLANG_WARN_DEPRECATED_OBJC_IMPLEMENTATIONS = YES;
				CLANG_WARN_DIRECT_OBJC_ISA_USAGE = YES_ERROR;
				CLANG_WARN_DOCUMENTATION_COMMENTS = YES;
				CLANG_WARN_EMPTY_BODY = YES;
				CLANG_WARN_ENUM_CONVERSION = YES;
				CLANG_WARN_INFINITE_RECURSION = YES;
				CLANG_WARN_INT_CONVERSION = YES;
				CLANG_WARN_NON_LITERAL_NULL_CONVERSION = YES;
				CLANG_WARN_OBJC_IMPLICIT_RETAIN_SELF = YES;
				CLANG_WARN_OBJC_LITERAL_CONVERSION = YES;
				CLANG_WARN_OBJC_ROOT_CLASS = YES_ERROR;
				CLANG_WARN_QUOTED_INCLUDE_IN_FRAMEWORK_HEADER = YES;
				CLANG_WARN_RANGE_LOOP_ANALYSIS = YES;
				CLANG_WARN_STRICT_PROTOTYPES = YES;
				CLANG_WARN_SUSPICIOUS_MOVE = YES;
				CLANG_WARN_UNGUARDED_AVAILABILITY = YES_AGGRESSIVE;
				CLANG_WARN_UNREACHABLE_CODE = YES;
				CLANG_WARN__DUPLICATE_METHOD_MATCH = YES;
				COPY_PHASE_STRIP = NO;
				DEBUG_INFORMATION_FORMAT = "dwarf-with-dsym";
				ENABLE_NS_ASSERTIONS = NO;
				ENABLE_STRICT_OBJC_MSGSEND = YES;
				GCC_C_LANGUAGE_STANDARD = gnu11;
				GCC_NO_COMMON_BLOCKS = YES;
				GCC_WARN_64_TO_32_BIT_CONVERSION = YES;
				GCC_WARN_ABOUT_RETURN_TYPE = YES_ERROR;
				GCC_WARN_UNDECLARED_SELECTOR = YES;
				GCC_WARN_UNINITIALIZED_AUTOS = YES_AGGRESSIVE;
				GCC_WARN_UNUSED_FUNCTION = YES;
				GCC_WARN_UNUSED_VARIABLE = YES;
				MACOSX_DEPLOYMENT_TARGET = 11.6;
				MTL_ENABLE_DEBUG_INFO = NO;
				MTL_FAST_MATH = YES;
				SDKROOT = macosx;
			};
			name = Release;
		};
		2AE2FC7B2837FC8800DFF794 /* Debug */ = {
			isa = XCBuildConfiguration;
			buildSettings = {
				CODE_SIGN_STYLE = Automatic;
				PRODUCT_NAME = "$(TARGET_NAME)";
			};
			name = Debug;
		};
		2AE2FC7C2837FC8800DFF794 /* Release */ = {
			isa = XCBuildConfiguration;
			buildSettings = {
				CODE_SIGN_STYLE = Automatic;
				PRODUCT_NAME = "$(TARGET_NAME)";
			};
			name = Release;
		};
		2AE2FCA2283810EC00DFF794 /* Debug */ = {
			isa = XCBuildConfiguration;
			buildSettings = {
				CODE_SIGN_STYLE = Automatic;
				PRODUCT_NAME = "$(TARGET_NAME)";
			};
			name = Debug;
		};
		2AE2FCA3283810EC00DFF794 /* Release */ = {
			isa = XCBuildConfiguration;
			buildSettings = {
				CODE_SIGN_STYLE = Automatic;
				PRODUCT_NAME = "$(TARGET_NAME)";
			};
			name = Release;
		};
		2AE2FCC42838323F00DFF794 /* Debug */ = {
			isa = XCBuildConfiguration;
			buildSettings = {
				CODE_SIGN_STYLE = Automatic;
				PRODUCT_NAME = "$(TARGET_NAME)";
			};
			name = Debug;
		};
		2AE2FCC52838323F00DFF794 /* Release */ = {
			isa = XCBuildConfiguration;
			buildSettings = {
				CODE_SIGN_STYLE = Automatic;
				PRODUCT_NAME = "$(TARGET_NAME)";
			};
			name = Release;
		};
		2AE9955F2845057C0050E73A /* Debug */ = {
			isa = XCBuildConfiguration;
			buildSettings = {
				CODE_SIGN_STYLE = Automatic;
				PRODUCT_NAME = "$(TARGET_NAME)";
			};
			name = Debug;
		};
		2AE995602845057C0050E73A /* Release */ = {
			isa = XCBuildConfiguration;
			buildSettings = {
				CODE_SIGN_STYLE = Automatic;
				PRODUCT_NAME = "$(TARGET_NAME)";
			};
			name = Release;
		};
		2AE9957F284629E90050E73A /* Debug */ = {
			isa = XCBuildConfiguration;
			buildSettings = {
				CODE_SIGN_STYLE = Automatic;
				PRODUCT_NAME = "$(TARGET_NAME)";
			};
			name = Debug;
		};
		2AE99580284629E90050E73A /* Release */ = {
			isa = XCBuildConfiguration;
			buildSettings = {
				CODE_SIGN_STYLE = Automatic;
				PRODUCT_NAME = "$(TARGET_NAME)";
			};
			name = Release;
		};
		2AE995A128469BF10050E73A /* Debug */ = {
			isa = XCBuildConfiguration;
			buildSettings = {
				CODE_SIGN_STYLE = Automatic;
				PRODUCT_NAME = "$(TARGET_NAME)";
			};
			name = Debug;
		};
		2AE995A228469BF10050E73A /* Release */ = {
			isa = XCBuildConfiguration;
			buildSettings = {
				CODE_SIGN_STYLE = Automatic;
				PRODUCT_NAME = "$(TARGET_NAME)";
			};
			name = Release;
		};
		2AE995C728477F0F0050E73A /* Debug */ = {
			isa = XCBuildConfiguration;
			buildSettings = {
				CODE_SIGN_STYLE = Automatic;
				PRODUCT_NAME = "$(TARGET_NAME)";
			};
			name = Debug;
		};
		2AE995C828477F0F0050E73A /* Release */ = {
			isa = XCBuildConfiguration;
			buildSettings = {
				CODE_SIGN_STYLE = Automatic;
				PRODUCT_NAME = "$(TARGET_NAME)";
			};
			name = Release;
		};
		2AE995E72847940D0050E73A /* Debug */ = {
			isa = XCBuildConfiguration;
			buildSettings = {
				CODE_SIGN_STYLE = Automatic;
				PRODUCT_NAME = "$(TARGET_NAME)";
			};
			name = Debug;
		};
		2AE995E82847940D0050E73A /* Release */ = {
			isa = XCBuildConfiguration;
			buildSettings = {
				CODE_SIGN_STYLE = Automatic;
				PRODUCT_NAME = "$(TARGET_NAME)";
			};
			name = Release;
		};
		2AE996062847A2040050E73A /* Debug */ = {
			isa = XCBuildConfiguration;
			buildSettings = {
				CODE_SIGN_STYLE = Automatic;
				PRODUCT_NAME = "$(TARGET_NAME)";
			};
			name = Debug;
		};
		2AE996072847A2040050E73A /* Release */ = {
			isa = XCBuildConfiguration;
			buildSettings = {
				CODE_SIGN_STYLE = Automatic;
				PRODUCT_NAME = "$(TARGET_NAME)";
			};
			name = Release;
		};
		2AE996262847E05A0050E73A /* Debug */ = {
			isa = XCBuildConfiguration;
			buildSettings = {
				CODE_SIGN_STYLE = Automatic;
				PRODUCT_NAME = "$(TARGET_NAME)";
			};
			name = Debug;
		};
		2AE996272847E05A0050E73A /* Release */ = {
			isa = XCBuildConfiguration;
			buildSettings = {
				CODE_SIGN_STYLE = Automatic;
				PRODUCT_NAME = "$(TARGET_NAME)";
			};
			name = Release;
		};
		2AE996462848CA2B0050E73A /* Debug */ = {
			isa = XCBuildConfiguration;
			buildSettings = {
				CODE_SIGN_STYLE = Automatic;
				PRODUCT_NAME = "$(TARGET_NAME)";
			};
			name = Debug;
		};
		2AE996472848CA2B0050E73A /* Release */ = {
			isa = XCBuildConfiguration;
			buildSettings = {
				CODE_SIGN_STYLE = Automatic;
				PRODUCT_NAME = "$(TARGET_NAME)";
			};
			name = Release;
		};
/* End XCBuildConfiguration section */

/* Begin XCConfigurationList section */
		2AD2D785283E8CF50092171B /* Build configuration list for PBXNativeTarget "shopping_options" */ = {
			isa = XCConfigurationList;
			buildConfigurations = (
				2AD2D786283E8CF50092171B /* Debug */,
				2AD2D787283E8CF50092171B /* Release */,
			);
			defaultConfigurationIsVisible = 0;
			defaultConfigurationName = Release;
		};
		2AD2D7C7283FDC7F0092171B /* Build configuration list for PBXNativeTarget "max_units_on_truck" */ = {
			isa = XCConfigurationList;
			buildConfigurations = (
				2AD2D7C8283FDC7F0092171B /* Debug */,
				2AD2D7C9283FDC7F0092171B /* Release */,
			);
			defaultConfigurationIsVisible = 0;
			defaultConfigurationName = Release;
		};
		2AD2D7E7283FF9860092171B /* Build configuration list for PBXNativeTarget "pairs_of_songs" */ = {
			isa = XCConfigurationList;
			buildConfigurations = (
				2AD2D7E8283FF9860092171B /* Debug */,
				2AD2D7E9283FF9860092171B /* Release */,
			);
			defaultConfigurationIsVisible = 0;
			defaultConfigurationName = Release;
		};
		2AE2FC6E2837FC8800DFF794 /* Build configuration list for PBXProject "leetcode" */ = {
			isa = XCConfigurationList;
			buildConfigurations = (
				2AE2FC782837FC8800DFF794 /* Debug */,
				2AE2FC792837FC8800DFF794 /* Release */,
			);
			defaultConfigurationIsVisible = 0;
			defaultConfigurationName = Release;
		};
		2AE2FC7A2837FC8800DFF794 /* Build configuration list for PBXNativeTarget "template" */ = {
			isa = XCConfigurationList;
			buildConfigurations = (
				2AE2FC7B2837FC8800DFF794 /* Debug */,
				2AE2FC7C2837FC8800DFF794 /* Release */,
			);
			defaultConfigurationIsVisible = 0;
			defaultConfigurationName = Release;
		};
		2AE2FCA1283810EC00DFF794 /* Build configuration list for PBXNativeTarget "robot_bounded_in_circle" */ = {
			isa = XCConfigurationList;
			buildConfigurations = (
				2AE2FCA2283810EC00DFF794 /* Debug */,
				2AE2FCA3283810EC00DFF794 /* Release */,
			);
			defaultConfigurationIsVisible = 0;
			defaultConfigurationName = Release;
		};
		2AE2FCC32838323F00DFF794 /* Build configuration list for PBXNativeTarget "maximize_score_after_n" */ = {
			isa = XCConfigurationList;
			buildConfigurations = (
				2AE2FCC42838323F00DFF794 /* Debug */,
				2AE2FCC52838323F00DFF794 /* Release */,
			);
			defaultConfigurationIsVisible = 0;
			defaultConfigurationName = Release;
		};
		2AE9955E2845057C0050E73A /* Build configuration list for PBXNativeTarget "min_deletions_letter_unique" */ = {
			isa = XCConfigurationList;
			buildConfigurations = (
				2AE9955F2845057C0050E73A /* Debug */,
				2AE995602845057C0050E73A /* Release */,
			);
			defaultConfigurationIsVisible = 0;
			defaultConfigurationName = Release;
		};
		2AE9957E284629E90050E73A /* Build configuration list for PBXNativeTarget "min_swaps_palindrome" */ = {
			isa = XCConfigurationList;
			buildConfigurations = (
				2AE9957F284629E90050E73A /* Debug */,
				2AE99580284629E90050E73A /* Release */,
			);
			defaultConfigurationIsVisible = 0;
			defaultConfigurationName = Release;
		};
		2AE995A028469BF10050E73A /* Build configuration list for PBXNativeTarget "min_steps_piles_height" */ = {
			isa = XCConfigurationList;
			buildConfigurations = (
				2AE995A128469BF10050E73A /* Debug */,
				2AE995A228469BF10050E73A /* Release */,
			);
			defaultConfigurationIsVisible = 0;
			defaultConfigurationName = Release;
		};
		2AE995C628477F0F0050E73A /* Build configuration list for PBXNativeTarget "largest_k_st_k_negk_exist" */ = {
			isa = XCConfigurationList;
			buildConfigurations = (
				2AE995C728477F0F0050E73A /* Debug */,
				2AE995C828477F0F0050E73A /* Release */,
			);
			defaultConfigurationIsVisible = 0;
			defaultConfigurationName = Release;
		};
		2AE995E62847940D0050E73A /* Build configuration list for PBXNativeTarget "n_unique_sum_to_0" */ = {
			isa = XCConfigurationList;
			buildConfigurations = (
				2AE995E72847940D0050E73A /* Debug */,
				2AE995E82847940D0050E73A /* Release */,
			);
			defaultConfigurationIsVisible = 0;
			defaultConfigurationName = Release;
		};
		2AE996052847A2040050E73A /* Build configuration list for PBXNativeTarget "max_length_concat_string" */ = {
			isa = XCConfigurationList;
			buildConfigurations = (
				2AE996062847A2040050E73A /* Debug */,
				2AE996072847A2040050E73A /* Release */,
			);
			defaultConfigurationIsVisible = 0;
			defaultConfigurationName = Release;
		};
		2AE996252847E05A0050E73A /* Build configuration list for PBXNativeTarget "partition_array_into_balanced_sums" */ = {
			isa = XCConfigurationList;
			buildConfigurations = (
				2AE996262847E05A0050E73A /* Debug */,
				2AE996272847E05A0050E73A /* Release */,
			);
			defaultConfigurationIsVisible = 0;
			defaultConfigurationName = Release;
		};
		2AE996452848CA2B0050E73A /* Build configuration list for PBXNativeTarget "jump_game" */ = {
			isa = XCConfigurationList;
			buildConfigurations = (
				2AE996462848CA2B0050E73A /* Debug */,
				2AE996472848CA2B0050E73A /* Release */,
			);
			defaultConfigurationIsVisible = 0;
			defaultConfigurationName = Release;
		};
/* End XCConfigurationList section */
	};
	rootObject = 2AE2FC6B2837FC8800DFF794 /* Project object */;
}
