// !$*UTF8*$!
{
	archiveVersion = 1;
	classes = {
	};
	objectVersion = 55;
	objects = {

/* Begin PBXBuildFile section */
		2A42555528004AD300E35C97 /* transaction.c in Sources */ = {isa = PBXBuildFile; fileRef = 2A42554828004AD300E35C97 /* transaction.c */; };
		2A42555628004AD300E35C97 /* on_disk_system.c in Sources */ = {isa = PBXBuildFile; fileRef = 2A42554928004AD300E35C97 /* on_disk_system.c */; };
		2A42555728004AD300E35C97 /* journal.c in Sources */ = {isa = PBXBuildFile; fileRef = 2A42554A28004AD300E35C97 /* journal.c */; };
		2A42555928004AD300E35C97 /* bcache.c in Sources */ = {isa = PBXBuildFile; fileRef = 2A42555428004AD300E35C97 /* bcache.c */; };
		2A4255602800CA1F00E35C97 /* ods_block.c in Sources */ = {isa = PBXBuildFile; fileRef = 2A42555F2800CA1F00E35C97 /* ods_block.c */; };
		2A4F8C742807593B00B980C1 /* ods_dump.c in Sources */ = {isa = PBXBuildFile; fileRef = 2A4F8C732807593B00B980C1 /* ods_dump.c */; };
		2A76952E28083700002910F7 /* ods_check.c in Sources */ = {isa = PBXBuildFile; fileRef = 2A76952D28083700002910F7 /* ods_check.c */; };
		2A769530280842EC002910F7 /* ods_exercise.c in Sources */ = {isa = PBXBuildFile; fileRef = 2A76952F280842EC002910F7 /* ods_exercise.c */; };
		2AA83FA828047E7E00C79B19 /* block.c in Sources */ = {isa = PBXBuildFile; fileRef = 2AA83FA728047E7E00C79B19 /* block.c */; };
		2ACF4E60280439C20022D651 /* test_on_disk_system.c in Sources */ = {isa = PBXBuildFile; fileRef = 2ACF4E5E280439C10022D651 /* test_on_disk_system.c */; };
/* End PBXBuildFile section */

/* Begin PBXCopyFilesBuildPhase section */
		2A42553C2800442100E35C97 /* CopyFiles */ = {
			isa = PBXCopyFilesBuildPhase;
			buildActionMask = 2147483647;
			dstPath = /usr/share/man/man1/;
			dstSubfolderSpec = 0;
			files = (
			);
			runOnlyForDeploymentPostprocessing = 1;
		};
/* End PBXCopyFilesBuildPhase section */

/* Begin PBXFileReference section */
		2A42553E2800442100E35C97 /* journal */ = {isa = PBXFileReference; explicitFileType = "compiled.mach-o.executable"; includeInIndex = 0; path = journal; sourceTree = BUILT_PRODUCTS_DIR; };
		2A42554828004AD300E35C97 /* transaction.c */ = {isa = PBXFileReference; fileEncoding = 4; lastKnownFileType = sourcecode.c.c; path = transaction.c; sourceTree = SOURCE_ROOT; };
		2A42554928004AD300E35C97 /* on_disk_system.c */ = {isa = PBXFileReference; fileEncoding = 4; lastKnownFileType = sourcecode.c.c; path = on_disk_system.c; sourceTree = SOURCE_ROOT; };
		2A42554A28004AD300E35C97 /* journal.c */ = {isa = PBXFileReference; fileEncoding = 4; lastKnownFileType = sourcecode.c.c; path = journal.c; sourceTree = SOURCE_ROOT; };
		2A42554C28004AD300E35C97 /* bcache.h */ = {isa = PBXFileReference; fileEncoding = 4; lastKnownFileType = sourcecode.c.h; path = bcache.h; sourceTree = "<group>"; };
		2A42554D28004AD300E35C97 /* on_disk_system.h */ = {isa = PBXFileReference; fileEncoding = 4; lastKnownFileType = sourcecode.c.h; path = on_disk_system.h; sourceTree = "<group>"; };
		2A42554E28004AD300E35C97 /* journal_phys.h */ = {isa = PBXFileReference; fileEncoding = 4; lastKnownFileType = sourcecode.c.h; path = journal_phys.h; sourceTree = "<group>"; };
		2A42554F28004AD300E35C97 /* journal.h */ = {isa = PBXFileReference; fileEncoding = 4; lastKnownFileType = sourcecode.c.h; path = journal.h; sourceTree = "<group>"; };
		2A42555028004AD300E35C97 /* block_phys.h */ = {isa = PBXFileReference; fileEncoding = 4; lastKnownFileType = sourcecode.c.h; path = block_phys.h; sourceTree = "<group>"; };
		2A42555128004AD300E35C97 /* transaction.h */ = {isa = PBXFileReference; fileEncoding = 4; lastKnownFileType = sourcecode.c.h; path = transaction.h; sourceTree = "<group>"; };
		2A42555428004AD300E35C97 /* bcache.c */ = {isa = PBXFileReference; fileEncoding = 4; lastKnownFileType = sourcecode.c.c; path = bcache.c; sourceTree = SOURCE_ROOT; };
		2A42555A28004D1900E35C97 /* on_disk_system_phys.h */ = {isa = PBXFileReference; lastKnownFileType = sourcecode.c.h; path = on_disk_system_phys.h; sourceTree = "<group>"; };
		2A42555B2800768800E35C97 /* ods_types.h */ = {isa = PBXFileReference; lastKnownFileType = sourcecode.c.h; path = ods_types.h; sourceTree = "<group>"; };
		2A42555C2800768800E35C97 /* ods_block_phys.h */ = {isa = PBXFileReference; lastKnownFileType = sourcecode.c.h; path = ods_block_phys.h; sourceTree = "<group>"; };
		2A42555D2800C40400E35C97 /* ods_block.h */ = {isa = PBXFileReference; lastKnownFileType = sourcecode.c.h; path = ods_block.h; sourceTree = "<group>"; };
		2A42555E2800C58E00E35C97 /* block.h */ = {isa = PBXFileReference; lastKnownFileType = sourcecode.c.h; path = block.h; sourceTree = "<group>"; };
		2A42555F2800CA1F00E35C97 /* ods_block.c */ = {isa = PBXFileReference; fileEncoding = 4; lastKnownFileType = sourcecode.c.c; path = ods_block.c; sourceTree = SOURCE_ROOT; };
		2A4F8C732807593B00B980C1 /* ods_dump.c */ = {isa = PBXFileReference; fileEncoding = 4; lastKnownFileType = sourcecode.c.c; path = ods_dump.c; sourceTree = "<group>"; };
		2A4F8C752807595E00B980C1 /* Makefile */ = {isa = PBXFileReference; lastKnownFileType = sourcecode.make; path = Makefile; sourceTree = "<group>"; };
		2A76952D28083700002910F7 /* ods_check.c */ = {isa = PBXFileReference; fileEncoding = 4; lastKnownFileType = sourcecode.c.c; path = ods_check.c; sourceTree = "<group>"; };
		2A76952F280842EC002910F7 /* ods_exercise.c */ = {isa = PBXFileReference; fileEncoding = 4; lastKnownFileType = sourcecode.c.c; path = ods_exercise.c; sourceTree = "<group>"; };
		2AA83FA728047E7E00C79B19 /* block.c */ = {isa = PBXFileReference; fileEncoding = 4; lastKnownFileType = sourcecode.c.c; path = block.c; sourceTree = SOURCE_ROOT; };
		2ACF4E5D280439C10022D651 /* Makefile */ = {isa = PBXFileReference; fileEncoding = 4; lastKnownFileType = sourcecode.make; path = Makefile; sourceTree = "<group>"; };
		2ACF4E5E280439C10022D651 /* test_on_disk_system.c */ = {isa = PBXFileReference; fileEncoding = 4; lastKnownFileType = sourcecode.c.c; path = test_on_disk_system.c; sourceTree = "<group>"; };
/* End PBXFileReference section */

/* Begin PBXFrameworksBuildPhase section */
		2A42553B2800442100E35C97 /* Frameworks */ = {
			isa = PBXFrameworksBuildPhase;
			buildActionMask = 2147483647;
			files = (
			);
			runOnlyForDeploymentPostprocessing = 0;
		};
/* End PBXFrameworksBuildPhase section */

/* Begin PBXGroup section */
		2A4255352800442100E35C97 = {
			isa = PBXGroup;
			children = (
				2A4255402800442100E35C97 /* journaled_ods */,
				2A42553F2800442100E35C97 /* Products */,
			);
			sourceTree = "<group>";
		};
		2A42553F2800442100E35C97 /* Products */ = {
			isa = PBXGroup;
			children = (
				2A42553E2800442100E35C97 /* journal */,
			);
			name = Products;
			sourceTree = "<group>";
		};
		2A4255402800442100E35C97 /* journaled_ods */ = {
			isa = PBXGroup;
			children = (
				2A42554B28004AD300E35C97 /* include */,
				2A42555428004AD300E35C97 /* bcache.c */,
				2A42554A28004AD300E35C97 /* journal.c */,
				2AA83FA728047E7E00C79B19 /* block.c */,
				2A42555F2800CA1F00E35C97 /* ods_block.c */,
				2A42554928004AD300E35C97 /* on_disk_system.c */,
				2A42554828004AD300E35C97 /* transaction.c */,
				2A4F8C722807593B00B980C1 /* utils */,
				2ACF4E5C280439C10022D651 /* test */,
			);
			path = journaled_ods;
			sourceTree = "<group>";
		};
		2A42554B28004AD300E35C97 /* include */ = {
			isa = PBXGroup;
			children = (
				2A42555B2800768800E35C97 /* ods_types.h */,
				2A42554C28004AD300E35C97 /* bcache.h */,
				2A42555E2800C58E00E35C97 /* block.h */,
				2A42555028004AD300E35C97 /* block_phys.h */,
				2A42554F28004AD300E35C97 /* journal.h */,
				2A42554E28004AD300E35C97 /* journal_phys.h */,
				2A42555D2800C40400E35C97 /* ods_block.h */,
				2A42555C2800768800E35C97 /* ods_block_phys.h */,
				2A42554D28004AD300E35C97 /* on_disk_system.h */,
				2A42555A28004D1900E35C97 /* on_disk_system_phys.h */,
				2A42555128004AD300E35C97 /* transaction.h */,
			);
			path = include;
			sourceTree = SOURCE_ROOT;
		};
		2A4F8C722807593B00B980C1 /* utils */ = {
			isa = PBXGroup;
			children = (
				2A4F8C752807595E00B980C1 /* Makefile */,
				2A4F8C732807593B00B980C1 /* ods_dump.c */,
				2A76952D28083700002910F7 /* ods_check.c */,
				2A76952F280842EC002910F7 /* ods_exercise.c */,
			);
			path = utils;
			sourceTree = SOURCE_ROOT;
		};
		2ACF4E5C280439C10022D651 /* test */ = {
			isa = PBXGroup;
			children = (
				2ACF4E5D280439C10022D651 /* Makefile */,
				2ACF4E5E280439C10022D651 /* test_on_disk_system.c */,
			);
			path = test;
			sourceTree = SOURCE_ROOT;
		};
/* End PBXGroup section */

/* Begin PBXNativeTarget section */
		2A42553D2800442100E35C97 /* journal */ = {
			isa = PBXNativeTarget;
			buildConfigurationList = 2A4255452800442100E35C97 /* Build configuration list for PBXNativeTarget "journal" */;
			buildPhases = (
				2A42553A2800442100E35C97 /* Sources */,
				2A42553B2800442100E35C97 /* Frameworks */,
				2A42553C2800442100E35C97 /* CopyFiles */,
			);
			buildRules = (
			);
			dependencies = (
			);
			name = journal;
			productName = journal;
			productReference = 2A42553E2800442100E35C97 /* journal */;
			productType = "com.apple.product-type.tool";
		};
/* End PBXNativeTarget section */

/* Begin PBXProject section */
		2A4255362800442100E35C97 /* Project object */ = {
			isa = PBXProject;
			attributes = {
				BuildIndependentTargetsInParallel = 1;
				LastUpgradeCheck = 1320;
				TargetAttributes = {
					2A42553D2800442100E35C97 = {
						CreatedOnToolsVersion = 13.2.1;
					};
				};
			};
			buildConfigurationList = 2A4255392800442100E35C97 /* Build configuration list for PBXProject "journaled_ods" */;
			compatibilityVersion = "Xcode 13.0";
			developmentRegion = en;
			hasScannedForEncodings = 0;
			knownRegions = (
				en,
				Base,
			);
			mainGroup = 2A4255352800442100E35C97;
			productRefGroup = 2A42553F2800442100E35C97 /* Products */;
			projectDirPath = "";
			projectRoot = "";
			targets = (
				2A42553D2800442100E35C97 /* journal */,
			);
		};
/* End PBXProject section */

/* Begin PBXSourcesBuildPhase section */
		2A42553A2800442100E35C97 /* Sources */ = {
			isa = PBXSourcesBuildPhase;
			buildActionMask = 2147483647;
			files = (
				2A4255602800CA1F00E35C97 /* ods_block.c in Sources */,
				2ACF4E60280439C20022D651 /* test_on_disk_system.c in Sources */,
				2AA83FA828047E7E00C79B19 /* block.c in Sources */,
				2A76952E28083700002910F7 /* ods_check.c in Sources */,
				2A42555728004AD300E35C97 /* journal.c in Sources */,
				2A42555928004AD300E35C97 /* bcache.c in Sources */,
				2A769530280842EC002910F7 /* ods_exercise.c in Sources */,
				2A42555628004AD300E35C97 /* on_disk_system.c in Sources */,
				2A4F8C742807593B00B980C1 /* ods_dump.c in Sources */,
				2A42555528004AD300E35C97 /* transaction.c in Sources */,
			);
			runOnlyForDeploymentPostprocessing = 0;
		};
/* End PBXSourcesBuildPhase section */

/* Begin XCBuildConfiguration section */
		2A4255432800442100E35C97 /* Debug */ = {
			isa = XCBuildConfiguration;
			buildSettings = {
				ALWAYS_SEARCH_USER_PATHS = NO;
				CLANG_ANALYZER_NONNULL = YES;
				CLANG_ANALYZER_NUMBER_OBJECT_CONVERSION = YES_AGGRESSIVE;
				CLANG_CXX_LANGUAGE_STANDARD = "gnu++17";
				CLANG_CXX_LIBRARY = "libc++";
				CLANG_ENABLE_MODULES = YES;
				CLANG_ENABLE_OBJC_ARC = YES;
				CLANG_ENABLE_OBJC_WEAK = YES;
				CLANG_WARN_BLOCK_CAPTURE_AUTORELEASING = YES;
				CLANG_WARN_BOOL_CONVERSION = YES;
				CLANG_WARN_COMMA = YES;
				CLANG_WARN_CONSTANT_CONVERSION = YES;
				CLANG_WARN_DEPRECATED_OBJC_IMPLEMENTATIONS = YES;
				CLANG_WARN_DIRECT_OBJC_ISA_USAGE = YES_ERROR;
				CLANG_WARN_DOCUMENTATION_COMMENTS = YES;
				CLANG_WARN_EMPTY_BODY = YES;
				CLANG_WARN_ENUM_CONVERSION = YES;
				CLANG_WARN_INFINITE_RECURSION = YES;
				CLANG_WARN_INT_CONVERSION = YES;
				CLANG_WARN_NON_LITERAL_NULL_CONVERSION = YES;
				CLANG_WARN_OBJC_IMPLICIT_RETAIN_SELF = YES;
				CLANG_WARN_OBJC_LITERAL_CONVERSION = YES;
				CLANG_WARN_OBJC_ROOT_CLASS = YES_ERROR;
				CLANG_WARN_QUOTED_INCLUDE_IN_FRAMEWORK_HEADER = YES;
				CLANG_WARN_RANGE_LOOP_ANALYSIS = YES;
				CLANG_WARN_STRICT_PROTOTYPES = YES;
				CLANG_WARN_SUSPICIOUS_MOVE = YES;
				CLANG_WARN_UNGUARDED_AVAILABILITY = YES_AGGRESSIVE;
				CLANG_WARN_UNREACHABLE_CODE = YES;
				CLANG_WARN__DUPLICATE_METHOD_MATCH = YES;
				COPY_PHASE_STRIP = NO;
				DEBUG_INFORMATION_FORMAT = dwarf;
				ENABLE_STRICT_OBJC_MSGSEND = YES;
				ENABLE_TESTABILITY = YES;
				GCC_C_LANGUAGE_STANDARD = gnu11;
				GCC_DYNAMIC_NO_PIC = NO;
				GCC_NO_COMMON_BLOCKS = YES;
				GCC_OPTIMIZATION_LEVEL = 0;
				GCC_PREPROCESSOR_DEFINITIONS = (
					"DEBUG=1",
					"$(inherited)",
				);
				GCC_WARN_64_TO_32_BIT_CONVERSION = YES;
				GCC_WARN_ABOUT_RETURN_TYPE = YES_ERROR;
				GCC_WARN_UNDECLARED_SELECTOR = YES;
				GCC_WARN_UNINITIALIZED_AUTOS = YES_AGGRESSIVE;
				GCC_WARN_UNUSED_FUNCTION = YES;
				GCC_WARN_UNUSED_VARIABLE = YES;
				MACOSX_DEPLOYMENT_TARGET = 11.6;
				MTL_ENABLE_DEBUG_INFO = INCLUDE_SOURCE;
				MTL_FAST_MATH = YES;
				ONLY_ACTIVE_ARCH = YES;
				SDKROOT = macosx;
			};
			name = Debug;
		};
		2A4255442800442100E35C97 /* Release */ = {
			isa = XCBuildConfiguration;
			buildSettings = {
				ALWAYS_SEARCH_USER_PATHS = NO;
				CLANG_ANALYZER_NONNULL = YES;
				CLANG_ANALYZER_NUMBER_OBJECT_CONVERSION = YES_AGGRESSIVE;
				CLANG_CXX_LANGUAGE_STANDARD = "gnu++17";
				CLANG_CXX_LIBRARY = "libc++";
				CLANG_ENABLE_MODULES = YES;
				CLANG_ENABLE_OBJC_ARC = YES;
				CLANG_ENABLE_OBJC_WEAK = YES;
				CLANG_WARN_BLOCK_CAPTURE_AUTORELEASING = YES;
				CLANG_WARN_BOOL_CONVERSION = YES;
				CLANG_WARN_COMMA = YES;
				CLANG_WARN_CONSTANT_CONVERSION = YES;
				CLANG_WARN_DEPRECATED_OBJC_IMPLEMENTATIONS = YES;
				CLANG_WARN_DIRECT_OBJC_ISA_USAGE = YES_ERROR;
				CLANG_WARN_DOCUMENTATION_COMMENTS = YES;
				CLANG_WARN_EMPTY_BODY = YES;
				CLANG_WARN_ENUM_CONVERSION = YES;
				CLANG_WARN_INFINITE_RECURSION = YES;
				CLANG_WARN_INT_CONVERSION = YES;
				CLANG_WARN_NON_LITERAL_NULL_CONVERSION = YES;
				CLANG_WARN_OBJC_IMPLICIT_RETAIN_SELF = YES;
				CLANG_WARN_OBJC_LITERAL_CONVERSION = YES;
				CLANG_WARN_OBJC_ROOT_CLASS = YES_ERROR;
				CLANG_WARN_QUOTED_INCLUDE_IN_FRAMEWORK_HEADER = YES;
				CLANG_WARN_RANGE_LOOP_ANALYSIS = YES;
				CLANG_WARN_STRICT_PROTOTYPES = YES;
				CLANG_WARN_SUSPICIOUS_MOVE = YES;
				CLANG_WARN_UNGUARDED_AVAILABILITY = YES_AGGRESSIVE;
				CLANG_WARN_UNREACHABLE_CODE = YES;
				CLANG_WARN__DUPLICATE_METHOD_MATCH = YES;
				COPY_PHASE_STRIP = NO;
				DEBUG_INFORMATION_FORMAT = "dwarf-with-dsym";
				ENABLE_NS_ASSERTIONS = NO;
				ENABLE_STRICT_OBJC_MSGSEND = YES;
				GCC_C_LANGUAGE_STANDARD = gnu11;
				GCC_NO_COMMON_BLOCKS = YES;
				GCC_WARN_64_TO_32_BIT_CONVERSION = YES;
				GCC_WARN_ABOUT_RETURN_TYPE = YES_ERROR;
				GCC_WARN_UNDECLARED_SELECTOR = YES;
				GCC_WARN_UNINITIALIZED_AUTOS = YES_AGGRESSIVE;
				GCC_WARN_UNUSED_FUNCTION = YES;
				GCC_WARN_UNUSED_VARIABLE = YES;
				MACOSX_DEPLOYMENT_TARGET = 11.6;
				MTL_ENABLE_DEBUG_INFO = NO;
				MTL_FAST_MATH = YES;
				SDKROOT = macosx;
			};
			name = Release;
		};
		2A4255462800442100E35C97 /* Debug */ = {
			isa = XCBuildConfiguration;
			buildSettings = {
				CODE_SIGN_STYLE = Automatic;
				HEADER_SEARCH_PATHS = /Users/mholden/devel/synch/include;
				PRODUCT_NAME = "$(TARGET_NAME)";
			};
			name = Debug;
		};
		2A4255472800442100E35C97 /* Release */ = {
			isa = XCBuildConfiguration;
			buildSettings = {
				CODE_SIGN_STYLE = Automatic;
				HEADER_SEARCH_PATHS = /Users/mholden/devel/synch/include;
				PRODUCT_NAME = "$(TARGET_NAME)";
			};
			name = Release;
		};
/* End XCBuildConfiguration section */

/* Begin XCConfigurationList section */
		2A4255392800442100E35C97 /* Build configuration list for PBXProject "journaled_ods" */ = {
			isa = XCConfigurationList;
			buildConfigurations = (
				2A4255432800442100E35C97 /* Debug */,
				2A4255442800442100E35C97 /* Release */,
			);
			defaultConfigurationIsVisible = 0;
			defaultConfigurationName = Release;
		};
		2A4255452800442100E35C97 /* Build configuration list for PBXNativeTarget "journal" */ = {
			isa = XCConfigurationList;
			buildConfigurations = (
				2A4255462800442100E35C97 /* Debug */,
				2A4255472800442100E35C97 /* Release */,
			);
			defaultConfigurationIsVisible = 0;
			defaultConfigurationName = Release;
		};
/* End XCConfigurationList section */
	};
	rootObject = 2A4255362800442100E35C97 /* Project object */;
}
